
Microsoft Visual Studio Solution File, Format Version 12.00
# Visual Studio Version 17
VisualStudioVersion = 17.8.34511.84
MinimumVisualStudioVersion = 10.0.40219.1
Project("{FAE04EC0-301F-11D3-BF4B-00C04F79EFBC}") = "GroupProject_V2", "GroupProject_V2.csproj", "{A6B759B7-B102-4E55-8357-80BD91D7B046}"
EndProject
Global
	GlobalSection(SolutionConfigurationPlatforms) = preSolution
		Debug|Any CPU = Debug|Any CPU
		Release|Any CPU = Release|Any CPU
	EndGlobalSection
	GlobalSection(ProjectConfigurationPlatforms) = postSolution
		{A6B759B7-B102-4E55-8357-80BD91D7B046}.Debug|Any CPU.ActiveCfg = Debug|Any CPU
		{A6B759B7-B102-4E55-8357-80BD91D7B046}.Debug|Any CPU.Build.0 = Debug|Any CPU
		{A6B759B7-B102-4E55-8357-80BD91D7B046}.Release|Any CPU.ActiveCfg = Release|Any CPU
		{A6B759B7-B102-4E55-8357-80BD91D7B046}.Release|Any CPU.Build.0 = Release|Any CPU
	EndGlobalSection
	GlobalSection(SolutionProperties) = preSolution
		HideSolutionNode = FALSE
	EndGlobalSection
	GlobalSection(ExtensibilityGlobals) = postSolution
		SolutionGuid = {E529338C-A4EE-43E6-8FCB-732726F658E3}
	EndGlobalSection
EndGlobal
